
Microsoft Visual Studio Solution File, Format Version 12.00
# Visual Studio Version 17
VisualStudioVersion = 17.14.36301.6
MinimumVisualStudioVersion = 10.0.40219.1
Project("{FAE04EC0-301F-11D3-BF4B-00C04F79EFBC}") = "UrlShortener", "UrlShortener.API\UrlShortener.csproj", "{A1A1A1A1-0000-0000-0000-000000000001}"
EndProject
Project("{FAE04EC0-301F-11D3-BF4B-00C04F79EFBC}") = "UrlShortener.Core", "UrlShortener.Core\UrlShortener.Core.csproj", "{A1A1A1A1-0000-0000-0000-000000000002}"
EndProject
Project("{FAE04EC0-301F-11D3-BF4B-00C04F79EFBC}") = "UrlShortener.Infrastructure", "UrlShortener.Infrastructure\UrlShortener.Infrastructure.csproj", "{A1A1A1A1-0000-0000-0000-000000000003}"
EndProject
Project("{2150E333-8FDC-42A3-9474-1A3956D46DE8}") = "UrlShortener.API", "UrlShortener.API", "{96277D92-CD46-95C7-BA82-4487AB23543A}"
EndProject
Global
	GlobalSection(SolutionConfigurationPlatforms) = preSolution
		Debug|Any CPU = Debug|Any CPU
		Debug|x64 = Debug|x64
		Debug|x86 = Debug|x86
		Release|Any CPU = Release|Any CPU
		Release|x64 = Release|x64
		Release|x86 = Release|x86
	EndGlobalSection
	GlobalSection(ProjectConfigurationPlatforms) = postSolution
		{A1A1A1A1-0000-0000-0000-000000000001}.Debug|Any CPU.ActiveCfg = Debug|Any CPU
		{A1A1A1A1-0000-0000-0000-000000000001}.Debug|Any CPU.Build.0 = Debug|Any CPU
		{A1A1A1A1-0000-0000-0000-000000000001}.Debug|x64.ActiveCfg = Debug|Any CPU
		{A1A1A1A1-0000-0000-0000-000000000001}.Debug|x64.Build.0 = Debug|Any CPU
		{A1A1A1A1-0000-0000-0000-000000000001}.Debug|x86.ActiveCfg = Debug|Any CPU
		{A1A1A1A1-0000-0000-0000-000000000001}.Debug|x86.Build.0 = Debug|Any CPU
		{A1A1A1A1-0000-0000-0000-000000000001}.Release|Any CPU.ActiveCfg = Release|Any CPU
		{A1A1A1A1-0000-0000-0000-000000000001}.Release|Any CPU.Build.0 = Release|Any CPU
		{A1A1A1A1-0000-0000-0000-000000000001}.Release|x64.ActiveCfg = Release|Any CPU
		{A1A1A1A1-0000-0000-0000-000000000001}.Release|x64.Build.0 = Release|Any CPU
		{A1A1A1A1-0000-0000-0000-000000000001}.Release|x86.ActiveCfg = Release|Any CPU
		{A1A1A1A1-0000-0000-0000-000000000001}.Release|x86.Build.0 = Release|Any CPU
		{A1A1A1A1-0000-0000-0000-000000000002}.Debug|Any CPU.ActiveCfg = Debug|Any CPU
		{A1A1A1A1-0000-0000-0000-000000000002}.Debug|Any CPU.Build.0 = Debug|Any CPU
		{A1A1A1A1-0000-0000-0000-000000000002}.Debug|x64.ActiveCfg = Debug|Any CPU
		{A1A1A1A1-0000-0000-0000-000000000002}.Debug|x64.Build.0 = Debug|Any CPU
		{A1A1A1A1-0000-0000-0000-000000000002}.Debug|x86.ActiveCfg = Debug|Any CPU
		{A1A1A1A1-0000-0000-0000-000000000002}.Debug|x86.Build.0 = Debug|Any CPU
		{A1A1A1A1-0000-0000-0000-000000000002}.Release|Any CPU.ActiveCfg = Release|Any CPU
		{A1A1A1A1-0000-0000-0000-000000000002}.Release|Any CPU.Build.0 = Release|Any CPU
		{A1A1A1A1-0000-0000-0000-000000000002}.Release|x64.ActiveCfg = Release|Any CPU
		{A1A1A1A1-0000-0000-0000-000000000002}.Release|x64.Build.0 = Release|Any CPU
		{A1A1A1A1-0000-0000-0000-000000000002}.Release|x86.ActiveCfg = Release|Any CPU
		{A1A1A1A1-0000-0000-0000-000000000002}.Release|x86.Build.0 = Release|Any CPU
		{A1A1A1A1-0000-0000-0000-000000000003}.Debug|Any CPU.ActiveCfg = Debug|Any CPU
		{A1A1A1A1-0000-0000-0000-000000000003}.Debug|Any CPU.Build.0 = Debug|Any CPU
		{A1A1A1A1-0000-0000-0000-000000000003}.Debug|x64.ActiveCfg = Debug|Any CPU
		{A1A1A1A1-0000-0000-0000-000000000003}.Debug|x64.Build.0 = Debug|Any CPU
		{A1A1A1A1-0000-0000-0000-000000000003}.Debug|x86.ActiveCfg = Debug|Any CPU
		{A1A1A1A1-0000-0000-0000-000000000003}.Debug|x86.Build.0 = Debug|Any CPU
		{A1A1A1A1-0000-0000-0000-000000000003}.Release|Any CPU.ActiveCfg = Release|Any CPU
		{A1A1A1A1-0000-0000-0000-000000000003}.Release|Any CPU.Build.0 = Release|Any CPU
		{A1A1A1A1-0000-0000-0000-000000000003}.Release|x64.ActiveCfg = Release|Any CPU
		{A1A1A1A1-0000-0000-0000-000000000003}.Release|x64.Build.0 = Release|Any CPU
		{A1A1A1A1-0000-0000-0000-000000000003}.Release|x86.ActiveCfg = Release|Any CPU
		{A1A1A1A1-0000-0000-0000-000000000003}.Release|x86.Build.0 = Release|Any CPU
	EndGlobalSection
	GlobalSection(SolutionProperties) = preSolution
		HideSolutionNode = FALSE
	EndGlobalSection
	GlobalSection(ExtensibilityGlobals) = postSolution
		SolutionGuid = {BE5A93A4-4DC9-40CA-B2C1-2BAB0E84EBF2}
	EndGlobalSection
EndGlobal
