
Microsoft Visual Studio Solution File, Format Version 12.00
# Visual Studio Version 17
VisualStudioVersion = 17.14.36301.6 d17.14
MinimumVisualStudioVersion = 10.0.40219.1
Project("{FAE04EC0-301F-11D3-BF4B-00C04F79EFBC}") = "UrlShortener", "UrlShortener.csproj", "{84AAA489-385C-49E8-BCB0-17B065634282}"
EndProject
Global
	GlobalSection(SolutionConfigurationPlatforms) = preSolution
		Debug|Any CPU = Debug|Any CPU
		Release|Any CPU = Release|Any CPU
	EndGlobalSection
	GlobalSection(ProjectConfigurationPlatforms) = postSolution
		{84AAA489-385C-49E8-BCB0-17B065634282}.Debug|Any CPU.ActiveCfg = Debug|Any CPU
		{84AAA489-385C-49E8-BCB0-17B065634282}.Debug|Any CPU.Build.0 = Debug|Any CPU
		{84AAA489-385C-49E8-BCB0-17B065634282}.Release|Any CPU.ActiveCfg = Release|Any CPU
		{84AAA489-385C-49E8-BCB0-17B065634282}.Release|Any CPU.Build.0 = Release|Any CPU
	EndGlobalSection
	GlobalSection(SolutionProperties) = preSolution
		HideSolutionNode = FALSE
	EndGlobalSection
	GlobalSection(ExtensibilityGlobals) = postSolution
		SolutionGuid = {BE5A93A4-4DC9-40CA-B2C1-2BAB0E84EBF2}
	EndGlobalSection
EndGlobal
